{
    "_readme": [
        "This file locks the dependencies of your project to a known state",
        "Read more about it at https://getcomposer.org/doc/01-basic-usage.md#composer-lock-the-lock-file",
        "This file is @generated automatically"
    ],
    "content-hash": "ea5b850bb522321d79718680c226b1c4",
    "packages": [
        {
            "name": "ffan/std-common",
            "version": "2.0.10",
            "source": {
                "type": "git",
                "url": "http://gitlab.ffan.biz/php/ffan-utils.git",
                "reference": "822b5211a14f039929d351e3baadc9a3f12507ca"
            },
            "dist": {
                "type": "zip",
                "url": "http://composer.intra.ffan.com/repo/private/dists/ffan/std-common/2.0.10.0/822b5211a14f039929d351e3baadc9a3f12507ca.zip",
                "reference": "822b5211a14f039929d351e3baadc9a3f12507ca",
                "shasum": null,
                "mirrors": [
                    {
                        "url": "http://composer.intra.ffan.com/repo/private/dists/%package%/%version%/%reference%.%type%",
                        "preferred": true
                    }
                ]
            },
            "archive": {
                "exclude": [
                    "test",
                    ".gitignore"
                ]
            },
            "require": {
                "ext-mbstring": "*",
                "php": ">=5.5.0"
            },
            "type": "composer",
            "autoload": {
                "psr-4": {
                    "FFan\\Std\\Common\\": "src"
                }
            },
            "authors": [
                {
                    "name": "huangshunzhao",
                    "email": "huangshunzhao@wanda.cn",
                    "role": "Founder and project lead"
                }
            ],
            "description": "FFan php utils components",
            "keywords": [
                "ffan",
                "php",
                "utils"
            ],
            "time": "2017-12-05T09:10:45+00:00"
        },
        {
            "name": "ffan/std-event",
            "version": "2.0.3",
            "source": {
                "type": "git",
                "url": "http://gitlab.ffan.biz/php/ffan-event.git",
                "reference": "dc029740332cc8b4995a252abe2dd75f608bfd85"
            },
            "dist": {
                "type": "zip",
                "url": "http://composer.intra.ffan.com/repo/private/dists/ffan/std-event/2.0.3.0/dc029740332cc8b4995a252abe2dd75f608bfd85.zip",
                "reference": "dc029740332cc8b4995a252abe2dd75f608bfd85",
                "shasum": null,
                "mirrors": [
                    {
                        "url": "http://composer.intra.ffan.com/repo/private/dists/%package%/%version%/%reference%.%type%",
                        "preferred": true
                    }
                ]
            },
            "archive": {
                "exclude": [
                    "test",
                    ".gitignore"
                ]
            },
            "require": {
                "php": ">=5.5.0"
            },
            "type": "composer",
            "autoload": {
                "psr-4": {
                    "FFan\\Std\\Event\\": "src"
                }
            },
            "authors": [
                {
                    "name": "huangshunzhao",
                    "email": "huangshunzhao@wanda.cn",
                    "role": "Founder"
                }
            ],
            "description": "FFan std event",
            "keywords": [
                "event",
                "ffan",
                "std"
            ],
            "time": "2017-11-23T05:50:52+00:00"
        },
        {
            "name": "ffan/std-logger",
            "version": "1.0.10",
            "source": {
                "type": "git",
                "url": "http://gitlab.ffan.biz/php/logger.git",
                "reference": "4e6fb25003d56ae6ff712ec9cd60131018cac21d"
            },
            "dist": {
                "type": "zip",
                "url": "http://composer.intra.ffan.com/repo/private/dists/ffan/std-logger/1.0.10.0/4e6fb25003d56ae6ff712ec9cd60131018cac21d.zip",
                "reference": "4e6fb25003d56ae6ff712ec9cd60131018cac21d",
                "shasum": null,
                "mirrors": [
                    {
                        "url": "http://composer.intra.ffan.com/repo/private/dists/%package%/%version%/%reference%.%type%",
                        "preferred": true
                    }
                ]
            },
            "archive": {
                "exclude": [
                    "test",
                    ".gitignore"
                ]
            },
            "require": {
                "ffan/std-common": "2.*",
                "ffan/std-event": "2.*",
                "php": ">=5.5.0"
            },
            "type": "composer",
            "autoload": {
                "psr-4": {
                    "FFan\\Std\\Logger\\": "src"
                }
            },
            "authors": [
                {
                    "name": "huangshunzhao",
                    "email": "huangshunzhao@wanda.cn",
                    "role": "Founder"
                }
            ],
            "description": "FFan STD Logger",
            "keywords": [
                "ffan",
                "logger"
            ],
            "time": "2017-12-02T15:15:10+00:00"
        }
    ],
    "packages-dev": [],
    "aliases": [],
    "minimum-stability": "stable",
    "stability-flags": [],
    "prefer-stable": false,
    "prefer-lowest": false,
    "platform": {
        "php": ">=5.5.0"
    },
    "platform-dev": []
}
